// !$*UTF8*$!
{
	archiveVersion = 1;
	classes = {
	};
	objectVersion = 50;
	objects = {

/* Begin PBXBuildFile section */
		6854EF0B229C43600049CB2E /* AppDelegate.swift in Sources */ = {isa = PBXBuildFile; fileRef = 6854EF0A229C43600049CB2E /* AppDelegate.swift */; };
		6854EF10229C43600049CB2E /* Main.storyboard in Resources */ = {isa = PBXBuildFile; fileRef = 6854EF0E229C43600049CB2E /* Main.storyboard */; };
		6854EF13229C43600049CB2E /* Yanuy.xcdatamodeld in Sources */ = {isa = PBXBuildFile; fileRef = 6854EF11229C43600049CB2E /* Yanuy.xcdatamodeld */; };
		6854EF15229C43610049CB2E /* Assets.xcassets in Resources */ = {isa = PBXBuildFile; fileRef = 6854EF14229C43610049CB2E /* Assets.xcassets */; };
		6854EF18229C43610049CB2E /* LaunchScreen.storyboard in Resources */ = {isa = PBXBuildFile; fileRef = 6854EF16229C43610049CB2E /* LaunchScreen.storyboard */; };
		6854EF20229C470F0049CB2E /* GoogleService-Info.plist in Resources */ = {isa = PBXBuildFile; fileRef = 6854EF1F229C470F0049CB2E /* GoogleService-Info.plist */; };
		CD4BE06922A2F19B00C963A4 /* VCVerUsuario.swift in Sources */ = {isa = PBXBuildFile; fileRef = CD4BE06822A2F19B00C963A4 /* VCVerUsuario.swift */; };
		CD4BE06E22A2F1A900C963A4 /* VCInicioSesion.swift in Sources */ = {isa = PBXBuildFile; fileRef = CD4BE06A22A2F1A900C963A4 /* VCInicioSesion.swift */; };
		CD4BE06F22A2F1A900C963A4 /* VCInicioAdministrador.swift in Sources */ = {isa = PBXBuildFile; fileRef = CD4BE06B22A2F1A900C963A4 /* VCInicioAdministrador.swift */; };
		CD4BE07022A2F1A900C963A4 /* VCListaUsuarios.swift in Sources */ = {isa = PBXBuildFile; fileRef = CD4BE06C22A2F1A900C963A4 /* VCListaUsuarios.swift */; };
		CD4BE07122A2F1A900C963A4 /* VCInicioMozo.swift in Sources */ = {isa = PBXBuildFile; fileRef = CD4BE06D22A2F1A900C963A4 /* VCInicioMozo.swift */; };
		CD4BE07322A2F6CA00C963A4 /* VCNuevoPedido.swift in Sources */ = {isa = PBXBuildFile; fileRef = CD4BE07222A2F6CA00C963A4 /* VCNuevoPedido.swift */; };
		CD63A6D822A7120700EE1044 /* VCCrearNuevoUsuario.swift in Sources */ = {isa = PBXBuildFile; fileRef = CD63A6D722A7120700EE1044 /* VCCrearNuevoUsuario.swift */; };
		CD63A6DA22A72F2100EE1044 /* VCNuevoItem.swift in Sources */ = {isa = PBXBuildFile; fileRef = CD63A6D922A72F2100EE1044 /* VCNuevoItem.swift */; };
		CD63A6DC22A736A500EE1044 /* Item.swift in Sources */ = {isa = PBXBuildFile; fileRef = CD63A6DB22A736A500EE1044 /* Item.swift */; };
		CD8DDEDD22A56F3C0056123E /* Usuario.swift in Sources */ = {isa = PBXBuildFile; fileRef = CD8DDEDC22A56F3C0056123E /* Usuario.swift */; };
		CD8DDEE322A57F600056123E /* VCListaItems.swift in Sources */ = {isa = PBXBuildFile; fileRef = CD8DDEE222A57F600056123E /* VCListaItems.swift */; };
		CD8DDEE522A580540056123E /* VCVerItem.swift in Sources */ = {isa = PBXBuildFile; fileRef = CD8DDEE422A580540056123E /* VCVerItem.swift */; };
		E6C52F7B97CCD43D51056469 /* Pods_Yanuy.framework in Frameworks */ = {isa = PBXBuildFile; fileRef = 0D253D3EAE04760C0FA0D063 /* Pods_Yanuy.framework */; };
/* End PBXBuildFile section */

/* Begin PBXFileReference section */
		0D253D3EAE04760C0FA0D063 /* Pods_Yanuy.framework */ = {isa = PBXFileReference; explicitFileType = wrapper.framework; includeInIndex = 0; path = Pods_Yanuy.framework; sourceTree = BUILT_PRODUCTS_DIR; };
		6854EF07229C43600049CB2E /* Yanuy.app */ = {isa = PBXFileReference; explicitFileType = wrapper.application; includeInIndex = 0; path = Yanuy.app; sourceTree = BUILT_PRODUCTS_DIR; };
		6854EF0A229C43600049CB2E /* AppDelegate.swift */ = {isa = PBXFileReference; lastKnownFileType = sourcecode.swift; path = AppDelegate.swift; sourceTree = "<group>"; };
		6854EF0F229C43600049CB2E /* Base */ = {isa = PBXFileReference; lastKnownFileType = file.storyboard; name = Base; path = Base.lproj/Main.storyboard; sourceTree = "<group>"; };
		6854EF12229C43600049CB2E /* Yanuy.xcdatamodel */ = {isa = PBXFileReference; lastKnownFileType = wrapper.xcdatamodel; path = Yanuy.xcdatamodel; sourceTree = "<group>"; };
		6854EF14229C43610049CB2E /* Assets.xcassets */ = {isa = PBXFileReference; lastKnownFileType = folder.assetcatalog; path = Assets.xcassets; sourceTree = "<group>"; };
		6854EF17229C43610049CB2E /* Base */ = {isa = PBXFileReference; lastKnownFileType = file.storyboard; name = Base; path = Base.lproj/LaunchScreen.storyboard; sourceTree = "<group>"; };
		6854EF19229C43610049CB2E /* Info.plist */ = {isa = PBXFileReference; lastKnownFileType = text.plist.xml; path = Info.plist; sourceTree = "<group>"; };
		6854EF1F229C470F0049CB2E /* GoogleService-Info.plist */ = {isa = PBXFileReference; fileEncoding = 4; lastKnownFileType = text.plist.xml; path = "GoogleService-Info.plist"; sourceTree = "<group>"; };
		7E43AEA1D06EC726417AF091 /* Pods-Yanuy.release.xcconfig */ = {isa = PBXFileReference; includeInIndex = 1; lastKnownFileType = text.xcconfig; name = "Pods-Yanuy.release.xcconfig"; path = "Target Support Files/Pods-Yanuy/Pods-Yanuy.release.xcconfig"; sourceTree = "<group>"; };
		A3C4B8714D1026692CFBF81E /* Pods-Yanuy.debug.xcconfig */ = {isa = PBXFileReference; includeInIndex = 1; lastKnownFileType = text.xcconfig; name = "Pods-Yanuy.debug.xcconfig"; path = "Target Support Files/Pods-Yanuy/Pods-Yanuy.debug.xcconfig"; sourceTree = "<group>"; };
		CD4BE06822A2F19B00C963A4 /* VCVerUsuario.swift */ = {isa = PBXFileReference; fileEncoding = 4; lastKnownFileType = sourcecode.swift; path = VCVerUsuario.swift; sourceTree = "<group>"; };
		CD4BE06A22A2F1A900C963A4 /* VCInicioSesion.swift */ = {isa = PBXFileReference; fileEncoding = 4; lastKnownFileType = sourcecode.swift; path = VCInicioSesion.swift; sourceTree = "<group>"; };
		CD4BE06B22A2F1A900C963A4 /* VCInicioAdministrador.swift */ = {isa = PBXFileReference; fileEncoding = 4; lastKnownFileType = sourcecode.swift; path = VCInicioAdministrador.swift; sourceTree = "<group>"; };
		CD4BE06C22A2F1A900C963A4 /* VCListaUsuarios.swift */ = {isa = PBXFileReference; fileEncoding = 4; lastKnownFileType = sourcecode.swift; path = VCListaUsuarios.swift; sourceTree = "<group>"; };
		CD4BE06D22A2F1A900C963A4 /* VCInicioMozo.swift */ = {isa = PBXFileReference; fileEncoding = 4; lastKnownFileType = sourcecode.swift; path = VCInicioMozo.swift; sourceTree = "<group>"; };
		CD4BE07222A2F6CA00C963A4 /* VCNuevoPedido.swift */ = {isa = PBXFileReference; lastKnownFileType = sourcecode.swift; path = VCNuevoPedido.swift; sourceTree = "<group>"; };
		CD63A6D722A7120700EE1044 /* VCCrearNuevoUsuario.swift */ = {isa = PBXFileReference; lastKnownFileType = sourcecode.swift; path = VCCrearNuevoUsuario.swift; sourceTree = "<group>"; };
		CD63A6D922A72F2100EE1044 /* VCNuevoItem.swift */ = {isa = PBXFileReference; lastKnownFileType = sourcecode.swift; path = VCNuevoItem.swift; sourceTree = "<group>"; };
		CD63A6DB22A736A500EE1044 /* Item.swift */ = {isa = PBXFileReference; lastKnownFileType = sourcecode.swift; path = Item.swift; sourceTree = "<group>"; };
		CD8DDEDC22A56F3C0056123E /* Usuario.swift */ = {isa = PBXFileReference; lastKnownFileType = sourcecode.swift; path = Usuario.swift; sourceTree = "<group>"; };
		CD8DDEE222A57F600056123E /* VCListaItems.swift */ = {isa = PBXFileReference; lastKnownFileType = sourcecode.swift; path = VCListaItems.swift; sourceTree = "<group>"; };
		CD8DDEE422A580540056123E /* VCVerItem.swift */ = {isa = PBXFileReference; lastKnownFileType = sourcecode.swift; path = VCVerItem.swift; sourceTree = "<group>"; };
/* End PBXFileReference section */

/* Begin PBXFrameworksBuildPhase section */
		6854EF04229C43600049CB2E /* Frameworks */ = {
			isa = PBXFrameworksBuildPhase;
			buildActionMask = 2147483647;
			files = (
				E6C52F7B97CCD43D51056469 /* Pods_Yanuy.framework in Frameworks */,
			);
			runOnlyForDeploymentPostprocessing = 0;
		};
/* End PBXFrameworksBuildPhase section */

/* Begin PBXGroup section */
		4AB425D4D299B9F0A7AEE44E /* Pods */ = {
			isa = PBXGroup;
			children = (
				A3C4B8714D1026692CFBF81E /* Pods-Yanuy.debug.xcconfig */,
				7E43AEA1D06EC726417AF091 /* Pods-Yanuy.release.xcconfig */,
			);
			path = Pods;
			sourceTree = "<group>";
		};
		6854EEFE229C43600049CB2E = {
			isa = PBXGroup;
			children = (
				6854EF09229C43600049CB2E /* Yanuy */,
				6854EF08229C43600049CB2E /* Products */,
				4AB425D4D299B9F0A7AEE44E /* Pods */,
				D2F4EDEB310F58722B45B03F /* Frameworks */,
			);
			sourceTree = "<group>";
		};
		6854EF08229C43600049CB2E /* Products */ = {
			isa = PBXGroup;
			children = (
				6854EF07229C43600049CB2E /* Yanuy.app */,
			);
			name = Products;
			sourceTree = "<group>";
		};
		6854EF09229C43600049CB2E /* Yanuy */ = {
			isa = PBXGroup;
			children = (
				CD8DDEDB22A56F2B0056123E /* Models */,
				CD4BE06722A2F18800C963A4 /* View Controllers */,
				6854EF1F229C470F0049CB2E /* GoogleService-Info.plist */,
				6854EF0A229C43600049CB2E /* AppDelegate.swift */,
				6854EF0E229C43600049CB2E /* Main.storyboard */,
				6854EF14229C43610049CB2E /* Assets.xcassets */,
				6854EF16229C43610049CB2E /* LaunchScreen.storyboard */,
				6854EF19229C43610049CB2E /* Info.plist */,
				6854EF11229C43600049CB2E /* Yanuy.xcdatamodeld */,
			);
			path = Yanuy;
			sourceTree = "<group>";
		};
		CD4BE06722A2F18800C963A4 /* View Controllers */ = {
			isa = PBXGroup;
			children = (
				CD4BE06B22A2F1A900C963A4 /* VCInicioAdministrador.swift */,
				CD4BE06D22A2F1A900C963A4 /* VCInicioMozo.swift */,
				CD4BE06A22A2F1A900C963A4 /* VCInicioSesion.swift */,
				CD4BE06C22A2F1A900C963A4 /* VCListaUsuarios.swift */,
				CD4BE06822A2F19B00C963A4 /* VCVerUsuario.swift */,
				CD4BE07222A2F6CA00C963A4 /* VCNuevoPedido.swift */,
				CD8DDEE222A57F600056123E /* VCListaItems.swift */,
				CD8DDEE422A580540056123E /* VCVerItem.swift */,
				CD63A6D722A7120700EE1044 /* VCCrearNuevoUsuario.swift */,
				CD63A6D922A72F2100EE1044 /* VCNuevoItem.swift */,
			);
			path = "View Controllers";
			sourceTree = "<group>";
		};
		CD8DDEDB22A56F2B0056123E /* Models */ = {
			isa = PBXGroup;
			children = (
				CD8DDEDC22A56F3C0056123E /* Usuario.swift */,
				CD63A6DB22A736A500EE1044 /* Item.swift */,
			);
			path = Models;
			sourceTree = "<group>";
		};
		D2F4EDEB310F58722B45B03F /* Frameworks */ = {
			isa = PBXGroup;
			children = (
				0D253D3EAE04760C0FA0D063 /* Pods_Yanuy.framework */,
			);
			name = Frameworks;
			sourceTree = "<group>";
		};
/* End PBXGroup section */

/* Begin PBXNativeTarget section */
		6854EF06229C43600049CB2E /* Yanuy */ = {
			isa = PBXNativeTarget;
			buildConfigurationList = 6854EF1C229C43610049CB2E /* Build configuration list for PBXNativeTarget "Yanuy" */;
			buildPhases = (
				A6957C7B56F4911516FD4CB6 /* [CP] Check Pods Manifest.lock */,
				6854EF03229C43600049CB2E /* Sources */,
				6854EF04229C43600049CB2E /* Frameworks */,
				6854EF05229C43600049CB2E /* Resources */,
				847FA523416AD0D8F47538AB /* [CP] Embed Pods Frameworks */,
			);
			buildRules = (
			);
			dependencies = (
			);
			name = Yanuy;
			productName = Yanuy;
			productReference = 6854EF07229C43600049CB2E /* Yanuy.app */;
			productType = "com.apple.product-type.application";
		};
/* End PBXNativeTarget section */

/* Begin PBXProject section */
		6854EEFF229C43600049CB2E /* Project object */ = {
			isa = PBXProject;
			attributes = {
				LastSwiftUpdateCheck = 1010;
				LastUpgradeCheck = 1010;
				ORGANIZATIONNAME = OscarMolleapaza;
				TargetAttributes = {
					6854EF06229C43600049CB2E = {
						CreatedOnToolsVersion = 10.1;
					};
				};
			};
			buildConfigurationList = 6854EF02229C43600049CB2E /* Build configuration list for PBXProject "Yanuy" */;
			compatibilityVersion = "Xcode 9.3";
			developmentRegion = en;
			hasScannedForEncodings = 0;
			knownRegions = (
				en,
				Base,
			);
			mainGroup = 6854EEFE229C43600049CB2E;
			productRefGroup = 6854EF08229C43600049CB2E /* Products */;
			projectDirPath = "";
			projectRoot = "";
			targets = (
				6854EF06229C43600049CB2E /* Yanuy */,
			);
		};
/* End PBXProject section */

/* Begin PBXResourcesBuildPhase section */
		6854EF05229C43600049CB2E /* Resources */ = {
			isa = PBXResourcesBuildPhase;
			buildActionMask = 2147483647;
			files = (
				6854EF18229C43610049CB2E /* LaunchScreen.storyboard in Resources */,
				6854EF20229C470F0049CB2E /* GoogleService-Info.plist in Resources */,
				6854EF15229C43610049CB2E /* Assets.xcassets in Resources */,
				6854EF10229C43600049CB2E /* Main.storyboard in Resources */,
			);
			runOnlyForDeploymentPostprocessing = 0;
		};
/* End PBXResourcesBuildPhase section */

/* Begin PBXShellScriptBuildPhase section */
		847FA523416AD0D8F47538AB /* [CP] Embed Pods Frameworks */ = {
			isa = PBXShellScriptBuildPhase;
			buildActionMask = 2147483647;
			files = (
			);
			inputFileListPaths = (
			);
			inputPaths = (
				"${PODS_ROOT}/Target Support Files/Pods-Yanuy/Pods-Yanuy-frameworks.sh",
				"${BUILT_PRODUCTS_DIR}/GTMSessionFetcher/GTMSessionFetcher.framework",
				"${BUILT_PRODUCTS_DIR}/GoogleToolboxForMac/GoogleToolboxForMac.framework",
				"${BUILT_PRODUCTS_DIR}/SDWebImage/SDWebImage.framework",
				"${BUILT_PRODUCTS_DIR}/leveldb-library/leveldb.framework",
				"${BUILT_PRODUCTS_DIR}/nanopb/nanopb.framework",
			);
			name = "[CP] Embed Pods Frameworks";
			outputFileListPaths = (
			);
			outputPaths = (
				"${TARGET_BUILD_DIR}/${FRAMEWORKS_FOLDER_PATH}/GTMSessionFetcher.framework",
				"${TARGET_BUILD_DIR}/${FRAMEWORKS_FOLDER_PATH}/GoogleToolboxForMac.framework",
				"${TARGET_BUILD_DIR}/${FRAMEWORKS_FOLDER_PATH}/SDWebImage.framework",
				"${TARGET_BUILD_DIR}/${FRAMEWORKS_FOLDER_PATH}/leveldb.framework",
				"${TARGET_BUILD_DIR}/${FRAMEWORKS_FOLDER_PATH}/nanopb.framework",
			);
			runOnlyForDeploymentPostprocessing = 0;
			shellPath = /bin/sh;
			shellScript = "\"${PODS_ROOT}/Target Support Files/Pods-Yanuy/Pods-Yanuy-frameworks.sh\"\n";
			showEnvVarsInLog = 0;
		};
		A6957C7B56F4911516FD4CB6 /* [CP] Check Pods Manifest.lock */ = {
			isa = PBXShellScriptBuildPhase;
			buildActionMask = 2147483647;
			files = (
			);
			inputFileListPaths = (
			);
			inputPaths = (
				"${PODS_PODFILE_DIR_PATH}/Podfile.lock",
				"${PODS_ROOT}/Manifest.lock",
			);
			name = "[CP] Check Pods Manifest.lock";
			outputFileListPaths = (
			);
			outputPaths = (
				"$(DERIVED_FILE_DIR)/Pods-Yanuy-checkManifestLockResult.txt",
			);
			runOnlyForDeploymentPostprocessing = 0;
			shellPath = /bin/sh;
			shellScript = "diff \"${PODS_PODFILE_DIR_PATH}/Podfile.lock\" \"${PODS_ROOT}/Manifest.lock\" > /dev/null\nif [ $? != 0 ] ; then\n    # print error to STDERR\n    echo \"error: The sandbox is not in sync with the Podfile.lock. Run 'pod install' or update your CocoaPods installation.\" >&2\n    exit 1\nfi\n# This output is used by Xcode 'outputs' to avoid re-running this script phase.\necho \"SUCCESS\" > \"${SCRIPT_OUTPUT_FILE_0}\"\n";
			showEnvVarsInLog = 0;
		};
/* End PBXShellScriptBuildPhase section */

/* Begin PBXSourcesBuildPhase section */
		6854EF03229C43600049CB2E /* Sources */ = {
			isa = PBXSourcesBuildPhase;
			buildActionMask = 2147483647;
			files = (
				CD8DDEE522A580540056123E /* VCVerItem.swift in Sources */,
				CD4BE07022A2F1A900C963A4 /* VCListaUsuarios.swift in Sources */,
				CD4BE07322A2F6CA00C963A4 /* VCNuevoPedido.swift in Sources */,
				CD63A6D822A7120700EE1044 /* VCCrearNuevoUsuario.swift in Sources */,
				CD63A6DC22A736A500EE1044 /* Item.swift in Sources */,
				CD8DDEE322A57F600056123E /* VCListaItems.swift in Sources */,
				6854EF13229C43600049CB2E /* Yanuy.xcdatamodeld in Sources */,
				CD63A6DA22A72F2100EE1044 /* VCNuevoItem.swift in Sources */,
				CD4BE06922A2F19B00C963A4 /* VCVerUsuario.swift in Sources */,
				CD4BE07122A2F1A900C963A4 /* VCInicioMozo.swift in Sources */,
				CD8DDEDD22A56F3C0056123E /* Usuario.swift in Sources */,
				CD4BE06E22A2F1A900C963A4 /* VCInicioSesion.swift in Sources */,
				CD4BE06F22A2F1A900C963A4 /* VCInicioAdministrador.swift in Sources */,
				6854EF0B229C43600049CB2E /* AppDelegate.swift in Sources */,
			);
			runOnlyForDeploymentPostprocessing = 0;
		};
/* End PBXSourcesBuildPhase section */

/* Begin PBXVariantGroup section */
		6854EF0E229C43600049CB2E /* Main.storyboard */ = {
			isa = PBXVariantGroup;
			children = (
				6854EF0F229C43600049CB2E /* Base */,
			);
			name = Main.storyboard;
			sourceTree = "<group>";
		};
		6854EF16229C43610049CB2E /* LaunchScreen.storyboard */ = {
			isa = PBXVariantGroup;
			children = (
				6854EF17229C43610049CB2E /* Base */,
			);
			name = LaunchScreen.storyboard;
			sourceTree = "<group>";
		};
/* End PBXVariantGroup section */

/* Begin XCBuildConfiguration section */
		6854EF1A229C43610049CB2E /* Debug */ = {
			isa = XCBuildConfiguration;
			buildSettings = {
				ALWAYS_SEARCH_USER_PATHS = NO;
				CLANG_ANALYZER_NONNULL = YES;
				CLANG_ANALYZER_NUMBER_OBJECT_CONVERSION = YES_AGGRESSIVE;
				CLANG_CXX_LANGUAGE_STANDARD = "gnu++14";
				CLANG_CXX_LIBRARY = "libc++";
				CLANG_ENABLE_MODULES = YES;
				CLANG_ENABLE_OBJC_ARC = YES;
				CLANG_ENABLE_OBJC_WEAK = YES;
				CLANG_WARN_BLOCK_CAPTURE_AUTORELEASING = YES;
				CLANG_WARN_BOOL_CONVERSION = YES;
				CLANG_WARN_COMMA = YES;
				CLANG_WARN_CONSTANT_CONVERSION = YES;
				CLANG_WARN_DEPRECATED_OBJC_IMPLEMENTATIONS = YES;
				CLANG_WARN_DIRECT_OBJC_ISA_USAGE = YES_ERROR;
				CLANG_WARN_DOCUMENTATION_COMMENTS = YES;
				CLANG_WARN_EMPTY_BODY = YES;
				CLANG_WARN_ENUM_CONVERSION = YES;
				CLANG_WARN_INFINITE_RECURSION = YES;
				CLANG_WARN_INT_CONVERSION = YES;
				CLANG_WARN_NON_LITERAL_NULL_CONVERSION = YES;
				CLANG_WARN_OBJC_IMPLICIT_RETAIN_SELF = YES;
				CLANG_WARN_OBJC_LITERAL_CONVERSION = YES;
				CLANG_WARN_OBJC_ROOT_CLASS = YES_ERROR;
				CLANG_WARN_RANGE_LOOP_ANALYSIS = YES;
				CLANG_WARN_STRICT_PROTOTYPES = YES;
				CLANG_WARN_SUSPICIOUS_MOVE = YES;
				CLANG_WARN_UNGUARDED_AVAILABILITY = YES_AGGRESSIVE;
				CLANG_WARN_UNREACHABLE_CODE = YES;
				CLANG_WARN__DUPLICATE_METHOD_MATCH = YES;
				CODE_SIGN_IDENTITY = "iPhone Developer";
				COPY_PHASE_STRIP = NO;
				DEBUG_INFORMATION_FORMAT = dwarf;
				ENABLE_STRICT_OBJC_MSGSEND = YES;
				ENABLE_TESTABILITY = YES;
				GCC_C_LANGUAGE_STANDARD = gnu11;
				GCC_DYNAMIC_NO_PIC = NO;
				GCC_NO_COMMON_BLOCKS = YES;
				GCC_OPTIMIZATION_LEVEL = 0;
				GCC_PREPROCESSOR_DEFINITIONS = (
					"DEBUG=1",
					"$(inherited)",
				);
				GCC_WARN_64_TO_32_BIT_CONVERSION = YES;
				GCC_WARN_ABOUT_RETURN_TYPE = YES_ERROR;
				GCC_WARN_UNDECLARED_SELECTOR = YES;
				GCC_WARN_UNINITIALIZED_AUTOS = YES_AGGRESSIVE;
				GCC_WARN_UNUSED_FUNCTION = YES;
				GCC_WARN_UNUSED_VARIABLE = YES;
				IPHONEOS_DEPLOYMENT_TARGET = 12.1;
				MTL_ENABLE_DEBUG_INFO = INCLUDE_SOURCE;
				MTL_FAST_MATH = YES;
				ONLY_ACTIVE_ARCH = YES;
				SDKROOT = iphoneos;
				SWIFT_ACTIVE_COMPILATION_CONDITIONS = DEBUG;
				SWIFT_OPTIMIZATION_LEVEL = "-Onone";
			};
			name = Debug;
		};
		6854EF1B229C43610049CB2E /* Release */ = {
			isa = XCBuildConfiguration;
			buildSettings = {
				ALWAYS_SEARCH_USER_PATHS = NO;
				CLANG_ANALYZER_NONNULL = YES;
				CLANG_ANALYZER_NUMBER_OBJECT_CONVERSION = YES_AGGRESSIVE;
				CLANG_CXX_LANGUAGE_STANDARD = "gnu++14";
				CLANG_CXX_LIBRARY = "libc++";
				CLANG_ENABLE_MODULES = YES;
				CLANG_ENABLE_OBJC_ARC = YES;
				CLANG_ENABLE_OBJC_WEAK = YES;
				CLANG_WARN_BLOCK_CAPTURE_AUTORELEASING = YES;
				CLANG_WARN_BOOL_CONVERSION = YES;
				CLANG_WARN_COMMA = YES;
				CLANG_WARN_CONSTANT_CONVERSION = YES;
				CLANG_WARN_DEPRECATED_OBJC_IMPLEMENTATIONS = YES;
				CLANG_WARN_DIRECT_OBJC_ISA_USAGE = YES_ERROR;
				CLANG_WARN_DOCUMENTATION_COMMENTS = YES;
				CLANG_WARN_EMPTY_BODY = YES;
				CLANG_WARN_ENUM_CONVERSION = YES;
				CLANG_WARN_INFINITE_RECURSION = YES;
				CLANG_WARN_INT_CONVERSION = YES;
				CLANG_WARN_NON_LITERAL_NULL_CONVERSION = YES;
				CLANG_WARN_OBJC_IMPLICIT_RETAIN_SELF = YES;
				CLANG_WARN_OBJC_LITERAL_CONVERSION = YES;
				CLANG_WARN_OBJC_ROOT_CLASS = YES_ERROR;
				CLANG_WARN_RANGE_LOOP_ANALYSIS = YES;
				CLANG_WARN_STRICT_PROTOTYPES = YES;
				CLANG_WARN_SUSPICIOUS_MOVE = YES;
				CLANG_WARN_UNGUARDED_AVAILABILITY = YES_AGGRESSIVE;
				CLANG_WARN_UNREACHABLE_CODE = YES;
				CLANG_WARN__DUPLICATE_METHOD_MATCH = YES;
				CODE_SIGN_IDENTITY = "iPhone Developer";
				COPY_PHASE_STRIP = NO;
				DEBUG_INFORMATION_FORMAT = "dwarf-with-dsym";
				ENABLE_NS_ASSERTIONS = NO;
				ENABLE_STRICT_OBJC_MSGSEND = YES;
				GCC_C_LANGUAGE_STANDARD = gnu11;
				GCC_NO_COMMON_BLOCKS = YES;
				GCC_WARN_64_TO_32_BIT_CONVERSION = YES;
				GCC_WARN_ABOUT_RETURN_TYPE = YES_ERROR;
				GCC_WARN_UNDECLARED_SELECTOR = YES;
				GCC_WARN_UNINITIALIZED_AUTOS = YES_AGGRESSIVE;
				GCC_WARN_UNUSED_FUNCTION = YES;
				GCC_WARN_UNUSED_VARIABLE = YES;
				IPHONEOS_DEPLOYMENT_TARGET = 12.1;
				MTL_ENABLE_DEBUG_INFO = NO;
				MTL_FAST_MATH = YES;
				SDKROOT = iphoneos;
				SWIFT_COMPILATION_MODE = wholemodule;
				SWIFT_OPTIMIZATION_LEVEL = "-O";
				VALIDATE_PRODUCT = YES;
			};
			name = Release;
		};
		6854EF1D229C43610049CB2E /* Debug */ = {
			isa = XCBuildConfiguration;
			baseConfigurationReference = A3C4B8714D1026692CFBF81E /* Pods-Yanuy.debug.xcconfig */;
			buildSettings = {
				ASSETCATALOG_COMPILER_APPICON_NAME = AppIcon;
				CODE_SIGN_STYLE = Automatic;
				DEVELOPMENT_TEAM = SHG964HMAY;
				INFOPLIST_FILE = Yanuy/Info.plist;
				LD_RUNPATH_SEARCH_PATHS = (
					"$(inherited)",
					"@executable_path/Frameworks",
				);
				PRODUCT_BUNDLE_IDENTIFIER = com.tecsup.Yanuy;
				PRODUCT_NAME = "$(TARGET_NAME)";
				SWIFT_VERSION = 4.2;
				TARGETED_DEVICE_FAMILY = "1,2";
			};
			name = Debug;
		};
		6854EF1E229C43610049CB2E /* Release */ = {
			isa = XCBuildConfiguration;
			baseConfigurationReference = 7E43AEA1D06EC726417AF091 /* Pods-Yanuy.release.xcconfig */;
			buildSettings = {
				ASSETCATALOG_COMPILER_APPICON_NAME = AppIcon;
				CODE_SIGN_STYLE = Automatic;
				DEVELOPMENT_TEAM = SHG964HMAY;
				INFOPLIST_FILE = Yanuy/Info.plist;
				LD_RUNPATH_SEARCH_PATHS = (
					"$(inherited)",
					"@executable_path/Frameworks",
				);
				PRODUCT_BUNDLE_IDENTIFIER = com.tecsup.Yanuy;
				PRODUCT_NAME = "$(TARGET_NAME)";
				SWIFT_VERSION = 4.2;
				TARGETED_DEVICE_FAMILY = "1,2";
			};
			name = Release;
		};
/* End XCBuildConfiguration section */

/* Begin XCConfigurationList section */
		6854EF02229C43600049CB2E /* Build configuration list for PBXProject "Yanuy" */ = {
			isa = XCConfigurationList;
			buildConfigurations = (
				6854EF1A229C43610049CB2E /* Debug */,
				6854EF1B229C43610049CB2E /* Release */,
			);
			defaultConfigurationIsVisible = 0;
			defaultConfigurationName = Release;
		};
		6854EF1C229C43610049CB2E /* Build configuration list for PBXNativeTarget "Yanuy" */ = {
			isa = XCConfigurationList;
			buildConfigurations = (
				6854EF1D229C43610049CB2E /* Debug */,
				6854EF1E229C43610049CB2E /* Release */,
			);
			defaultConfigurationIsVisible = 0;
			defaultConfigurationName = Release;
		};
/* End XCConfigurationList section */

/* Begin XCVersionGroup section */
		6854EF11229C43600049CB2E /* Yanuy.xcdatamodeld */ = {
			isa = XCVersionGroup;
			children = (
				6854EF12229C43600049CB2E /* Yanuy.xcdatamodel */,
			);
			currentVersion = 6854EF12229C43600049CB2E /* Yanuy.xcdatamodel */;
			path = Yanuy.xcdatamodeld;
			sourceTree = "<group>";
			versionGroupType = wrapper.xcdatamodel;
		};
/* End XCVersionGroup section */
	};
	rootObject = 6854EEFF229C43600049CB2E /* Project object */;
}
